
Microsoft Visual Studio Solution File, Format Version 12.00
# Visual Studio Version 16
VisualStudioVersion = 16.0.33423.256
MinimumVisualStudioVersion = 10.0.40219.1
Project("{FAE04EC0-301F-11D3-BF4B-00C04F79EFBC}") = "ourOLXAPI", "ourOLXAPI\ourOLXAPI.csproj", "{2ECFB1EF-7944-42D0-8E16-6ECC4FAD85F8}"
EndProject
Global
	GlobalSection(SolutionConfigurationPlatforms) = preSolution
		Debug|Any CPU = Debug|Any CPU
		Release|Any CPU = Release|Any CPU
	EndGlobalSection
	GlobalSection(ProjectConfigurationPlatforms) = postSolution
		{2ECFB1EF-7944-42D0-8E16-6ECC4FAD85F8}.Debug|Any CPU.ActiveCfg = Debug|Any CPU
		{2ECFB1EF-7944-42D0-8E16-6ECC4FAD85F8}.Debug|Any CPU.Build.0 = Debug|Any CPU
		{2ECFB1EF-7944-42D0-8E16-6ECC4FAD85F8}.Release|Any CPU.ActiveCfg = Release|Any CPU
		{2ECFB1EF-7944-42D0-8E16-6ECC4FAD85F8}.Release|Any CPU.Build.0 = Release|Any CPU
	EndGlobalSection
	GlobalSection(SolutionProperties) = preSolution
		HideSolutionNode = FALSE
	EndGlobalSection
	GlobalSection(ExtensibilityGlobals) = postSolution
		SolutionGuid = {6288829E-D44B-4705-BFDD-BF345F797FE5}
	EndGlobalSection
EndGlobal
